// !$*UTF8*$!
{
	archiveVersion = 1;
	classes = {};
	objectVersion = 56;
	objects = {

/* Begin PBXBuildFile section */
		A10000000000000000000001 /* ABQRoomScannerApp.swift in Sources */ = {isa = PBXBuildFile; fileRef = A20000000000000000000001 /* ABQRoomScannerApp.swift */; };
		A10000000000000000000002 /* ScannerScreen.swift in Sources */ = {isa = PBXBuildFile; fileRef = A20000000000000000000002 /* ScannerScreen.swift */; };
		A10000000000000000000003 /* ScanModel.swift in Sources */ = {isa = PBXBuildFile; fileRef = A20000000000000000000003 /* ScanModel.swift */; };
		A10000000000000000000004 /* RoomCaptureContainer.swift in Sources */ = {isa = PBXBuildFile; fileRef = A20000000000000000000004 /* RoomCaptureContainer.swift */; };
		A10000000000000000000005 /* RoomMeasurementExport.swift in Sources */ = {isa = PBXBuildFile; fileRef = A20000000000000000000005 /* RoomMeasurementExport.swift */; };
		A10000000000000000000006 /* PolygonArea.swift in Sources */ = {isa = PBXBuildFile; fileRef = A20000000000000000000006 /* PolygonArea.swift */; };
		A10000000000000000000007 /* ScanDocument.swift in Sources */ = {isa = PBXBuildFile; fileRef = A20000000000000000000007 /* ScanDocument.swift */; };
		A10000000000000000000008 /* MeasurementExport.swift in Sources */ = {isa = PBXBuildFile; fileRef = A2000000000000000000000C /* MeasurementExport.swift */; };
/* End PBXBuildFile section */

/* Begin PBXFileReference section */
		A20000000000000000000001 /* ABQRoomScannerApp.swift */ = {isa = PBXFileReference; lastKnownFileType = sourcecode.swift; path = ABQRoomScannerApp.swift; sourceTree = "<group>"; };
		A20000000000000000000002 /* ScannerScreen.swift */ = {isa = PBXFileReference; lastKnownFileType = sourcecode.swift; path = ScannerScreen.swift; sourceTree = "<group>"; };
		A20000000000000000000003 /* ScanModel.swift */ = {isa = PBXFileReference; lastKnownFileType = sourcecode.swift; path = ScanModel.swift; sourceTree = "<group>"; };
		A20000000000000000000004 /* RoomCaptureContainer.swift */ = {isa = PBXFileReference; lastKnownFileType = sourcecode.swift; path = RoomCaptureContainer.swift; sourceTree = "<group>"; };
		A20000000000000000000005 /* RoomMeasurementExport.swift */ = {isa = PBXFileReference; lastKnownFileType = sourcecode.swift; path = RoomMeasurementExport.swift; sourceTree = "<group>"; };
		A20000000000000000000006 /* PolygonArea.swift */ = {isa = PBXFileReference; lastKnownFileType = sourcecode.swift; path = PolygonArea.swift; sourceTree = "<group>"; };
		A20000000000000000000007 /* ScanDocument.swift */ = {isa = PBXFileReference; lastKnownFileType = sourcecode.swift; path = ScanDocument.swift; sourceTree = "<group>"; };
		A20000000000000000000008 /* Info.plist */ = {isa = PBXFileReference; lastKnownFileType = text.plist.xml; path = Info.plist; sourceTree = "<group>"; };
		A20000000000000000000009 /* ABQRoomScanner.app */ = {isa = PBXFileReference; explicitFileType = wrapper.application; includeInIndex = 0; path = ABQRoomScanner.app; sourceTree = BUILT_PRODUCTS_DIR; };
		A2000000000000000000000A /* README.md */ = {isa = PBXFileReference; lastKnownFileType = net.daringfireball.markdown; path = README.md; sourceTree = "<group>"; };
		A2000000000000000000000B /* GeometryChecks.swift */ = {isa = PBXFileReference; lastKnownFileType = sourcecode.swift; path = GeometryChecks.swift; sourceTree = "<group>"; };
		A2000000000000000000000C /* MeasurementExport.swift */ = {isa = PBXFileReference; lastKnownFileType = sourcecode.swift; path = MeasurementExport.swift; sourceTree = "<group>"; };
		A2000000000000000000000D /* ExportChecks.swift */ = {isa = PBXFileReference; lastKnownFileType = sourcecode.swift; path = ExportChecks.swift; sourceTree = "<group>"; };
		A2000000000000000000000E /* ExportInteropChecks.mjs */ = {isa = PBXFileReference; lastKnownFileType = sourcecode.javascript; path = ExportInteropChecks.mjs; sourceTree = "<group>"; };
/* End PBXFileReference section */

/* Begin PBXFrameworksBuildPhase section */
		A30000000000000000000001 /* Frameworks */ = {isa = PBXFrameworksBuildPhase; buildActionMask = 2147483647; files = (); runOnlyForDeploymentPostprocessing = 0; };
/* End PBXFrameworksBuildPhase section */

/* Begin PBXGroup section */
		A40000000000000000000001 = {
			isa = PBXGroup;
			children = (A40000000000000000000002 /* ABQRoomScanner */, A40000000000000000000004 /* Tests */, A2000000000000000000000A /* README.md */, A40000000000000000000003 /* Products */);
			sourceTree = "<group>";
		};
		A40000000000000000000002 /* ABQRoomScanner */ = {
			isa = PBXGroup;
			children = (A20000000000000000000001, A20000000000000000000002, A20000000000000000000003, A20000000000000000000004, A20000000000000000000005, A2000000000000000000000C, A20000000000000000000006, A20000000000000000000007, A20000000000000000000008);
			path = ABQRoomScanner;
			sourceTree = "<group>";
		};
		A40000000000000000000003 /* Products */ = {isa = PBXGroup; children = (A20000000000000000000009 /* ABQRoomScanner.app */); name = Products; sourceTree = "<group>"; };
		A40000000000000000000004 /* Tests */ = {isa = PBXGroup; children = (A2000000000000000000000B /* GeometryChecks.swift */, A2000000000000000000000D /* ExportChecks.swift */, A2000000000000000000000E /* ExportInteropChecks.mjs */); path = Tests; sourceTree = "<group>"; };
/* End PBXGroup section */

/* Begin PBXNativeTarget section */
		A50000000000000000000001 /* ABQRoomScanner */ = {
			isa = PBXNativeTarget;
			buildConfigurationList = A90000000000000000000002 /* Build configuration list for PBXNativeTarget ABQRoomScanner */;
			buildPhases = (A30000000000000000000002 /* Sources */, A30000000000000000000001 /* Frameworks */, A30000000000000000000003 /* Resources */);
			buildRules = ();
			dependencies = ();
			name = ABQRoomScanner;
			productName = ABQRoomScanner;
			productReference = A20000000000000000000009 /* ABQRoomScanner.app */;
			productType = "com.apple.product-type.application";
		};
/* End PBXNativeTarget section */

/* Begin PBXProject section */
		A60000000000000000000001 /* Project object */ = {
			isa = PBXProject;
			attributes = {BuildIndependentTargetsInParallel = 1; LastSwiftUpdateCheck = 1500; LastUpgradeCheck = 1500; TargetAttributes = {A50000000000000000000001 = {CreatedOnToolsVersion = 15.0; }; }; };
			buildConfigurationList = A90000000000000000000001 /* Build configuration list for PBXProject ABQRoomScanner */;
			compatibilityVersion = "Xcode 14.0";
			developmentRegion = en;
			hasScannedForEncodings = 0;
			knownRegions = (en, Base);
			mainGroup = A40000000000000000000001;
			productRefGroup = A40000000000000000000003 /* Products */;
			projectDirPath = "";
			projectRoot = "";
			targets = (A50000000000000000000001 /* ABQRoomScanner */);
		};
/* End PBXProject section */

/* Begin PBXResourcesBuildPhase section */
		A30000000000000000000003 /* Resources */ = {isa = PBXResourcesBuildPhase; buildActionMask = 2147483647; files = (); runOnlyForDeploymentPostprocessing = 0; };
/* End PBXResourcesBuildPhase section */

/* Begin PBXSourcesBuildPhase section */
		A30000000000000000000002 /* Sources */ = {
			isa = PBXSourcesBuildPhase;
			buildActionMask = 2147483647;
			files = (A10000000000000000000001, A10000000000000000000002, A10000000000000000000003, A10000000000000000000004, A10000000000000000000005, A10000000000000000000006, A10000000000000000000007, A10000000000000000000008);
			runOnlyForDeploymentPostprocessing = 0;
		};
/* End PBXSourcesBuildPhase section */

/* Begin XCBuildConfiguration section */
		A80000000000000000000001 /* Debug */ = {
			isa = XCBuildConfiguration;
			buildSettings = {
				ALWAYS_SEARCH_USER_PATHS = NO;
				CLANG_ENABLE_MODULES = YES;
				CLANG_ENABLE_OBJC_ARC = YES;
				DEBUG_INFORMATION_FORMAT = dwarf;
				ENABLE_TESTABILITY = YES;
				GCC_C_LANGUAGE_STANDARD = gnu17;
				GCC_OPTIMIZATION_LEVEL = 0;
				GCC_PREPROCESSOR_DEFINITIONS = ("DEBUG=1", "$(inherited)");
				IPHONEOS_DEPLOYMENT_TARGET = 17.0;
				ONLY_ACTIVE_ARCH = YES;
				SDKROOT = iphoneos;
				SWIFT_ACTIVE_COMPILATION_CONDITIONS = "DEBUG $(inherited)";
				SWIFT_OPTIMIZATION_LEVEL = "-Onone";
			};
			name = Debug;
		};
		A80000000000000000000002 /* Release */ = {
			isa = XCBuildConfiguration;
			buildSettings = {
				ALWAYS_SEARCH_USER_PATHS = NO;
				CLANG_ENABLE_MODULES = YES;
				CLANG_ENABLE_OBJC_ARC = YES;
				DEBUG_INFORMATION_FORMAT = "dwarf-with-dsym";
				GCC_C_LANGUAGE_STANDARD = gnu17;
				IPHONEOS_DEPLOYMENT_TARGET = 17.0;
				SDKROOT = iphoneos;
				SWIFT_COMPILATION_MODE = wholemodule;
				SWIFT_OPTIMIZATION_LEVEL = "-O";
				VALIDATE_PRODUCT = YES;
			};
			name = Release;
		};
		A80000000000000000000003 /* Debug */ = {
			isa = XCBuildConfiguration;
			buildSettings = {
				CODE_SIGN_STYLE = Automatic;
				CURRENT_PROJECT_VERSION = 1;
				DEVELOPMENT_TEAM = "";
				GENERATE_INFOPLIST_FILE = NO;
				INFOPLIST_FILE = ABQRoomScanner/Info.plist;
				LD_RUNPATH_SEARCH_PATHS = ("$(inherited)", "@executable_path/Frameworks");
				MARKETING_VERSION = 1.0;
				PRODUCT_BUNDLE_IDENTIFIER = com.example.abqadu.roomscanner;
				PRODUCT_NAME = "$(TARGET_NAME)";
				SUPPORTED_PLATFORMS = "iphoneos iphonesimulator";
				SUPPORTS_MACCATALYST = NO;
				SWIFT_STRICT_CONCURRENCY = minimal;
				SWIFT_VERSION = 5.0;
				TARGETED_DEVICE_FAMILY = "1,2";
			};
			name = Debug;
		};
		A80000000000000000000004 /* Release */ = {
			isa = XCBuildConfiguration;
			buildSettings = {
				CODE_SIGN_STYLE = Automatic;
				CURRENT_PROJECT_VERSION = 1;
				DEVELOPMENT_TEAM = "";
				GENERATE_INFOPLIST_FILE = NO;
				INFOPLIST_FILE = ABQRoomScanner/Info.plist;
				LD_RUNPATH_SEARCH_PATHS = ("$(inherited)", "@executable_path/Frameworks");
				MARKETING_VERSION = 1.0;
				PRODUCT_BUNDLE_IDENTIFIER = com.example.abqadu.roomscanner;
				PRODUCT_NAME = "$(TARGET_NAME)";
				SUPPORTED_PLATFORMS = "iphoneos iphonesimulator";
				SUPPORTS_MACCATALYST = NO;
				SWIFT_STRICT_CONCURRENCY = minimal;
				SWIFT_VERSION = 5.0;
				TARGETED_DEVICE_FAMILY = "1,2";
			};
			name = Release;
		};
/* End XCBuildConfiguration section */

/* Begin XCConfigurationList section */
		A90000000000000000000001 /* Build configuration list for PBXProject ABQRoomScanner */ = {isa = XCConfigurationList; buildConfigurations = (A80000000000000000000001 /* Debug */, A80000000000000000000002 /* Release */); defaultConfigurationIsVisible = 0; defaultConfigurationName = Release; };
		A90000000000000000000002 /* Build configuration list for PBXNativeTarget ABQRoomScanner */ = {isa = XCConfigurationList; buildConfigurations = (A80000000000000000000003 /* Debug */, A80000000000000000000004 /* Release */); defaultConfigurationIsVisible = 0; defaultConfigurationName = Release; };
/* End XCConfigurationList section */
	};
	rootObject = A60000000000000000000001 /* Project object */;
}
